
Microsoft Visual Studio Solution File, Format Version 12.00
# Visual Studio Version 17
VisualStudioVersion = 17.4.33205.214
MinimumVisualStudioVersion = 10.0.40219.1
Project("{FAE04EC0-301F-11D3-BF4B-00C04F79EFBC}") = "EFDal", "EFDal\EFDal.csproj", "{CE9F4507-CF27-4935-87B7-AB5FDADF0D9D}"
EndProject
Project("{FAE04EC0-301F-11D3-BF4B-00C04F79EFBC}") = "BL", "BL\BL.csproj", "{77F19D0D-A3AE-47EF-B380-73DD854607D7}"
EndProject
Project("{FAE04EC0-301F-11D3-BF4B-00C04F79EFBC}") = "FEWPF", "FEWPF\FEWPF.csproj", "{99D366BB-D026-460F-A010-166CB361701C}"
EndProject
Global
	GlobalSection(SolutionConfigurationPlatforms) = preSolution
		Debug|Any CPU = Debug|Any CPU
		Release|Any CPU = Release|Any CPU
	EndGlobalSection
	GlobalSection(ProjectConfigurationPlatforms) = postSolution
		{CE9F4507-CF27-4935-87B7-AB5FDADF0D9D}.Debug|Any CPU.ActiveCfg = Debug|Any CPU
		{CE9F4507-CF27-4935-87B7-AB5FDADF0D9D}.Debug|Any CPU.Build.0 = Debug|Any CPU
		{CE9F4507-CF27-4935-87B7-AB5FDADF0D9D}.Release|Any CPU.ActiveCfg = Release|Any CPU
		{CE9F4507-CF27-4935-87B7-AB5FDADF0D9D}.Release|Any CPU.Build.0 = Release|Any CPU
		{77F19D0D-A3AE-47EF-B380-73DD854607D7}.Debug|Any CPU.ActiveCfg = Debug|Any CPU
		{77F19D0D-A3AE-47EF-B380-73DD854607D7}.Debug|Any CPU.Build.0 = Debug|Any CPU
		{77F19D0D-A3AE-47EF-B380-73DD854607D7}.Release|Any CPU.ActiveCfg = Release|Any CPU
		{77F19D0D-A3AE-47EF-B380-73DD854607D7}.Release|Any CPU.Build.0 = Release|Any CPU
		{99D366BB-D026-460F-A010-166CB361701C}.Debug|Any CPU.ActiveCfg = Debug|Any CPU
		{99D366BB-D026-460F-A010-166CB361701C}.Debug|Any CPU.Build.0 = Debug|Any CPU
		{99D366BB-D026-460F-A010-166CB361701C}.Release|Any CPU.ActiveCfg = Release|Any CPU
		{99D366BB-D026-460F-A010-166CB361701C}.Release|Any CPU.Build.0 = Release|Any CPU
	EndGlobalSection
	GlobalSection(SolutionProperties) = preSolution
		HideSolutionNode = FALSE
	EndGlobalSection
	GlobalSection(ExtensibilityGlobals) = postSolution
		SolutionGuid = {42232E11-FF85-4FBC-9BE8-540BEAD6C099}
	EndGlobalSection
EndGlobal
